
Microsoft Visual Studio Solution File, Format Version 12.00
# Visual Studio Version 17
VisualStudioVersion = 17.4.33205.214
MinimumVisualStudioVersion = 10.0.40219.1
Project("{FAE04EC0-301F-11D3-BF4B-00C04F79EFBC}") = "uPayment.Web", "uPayment.Web\uPayment.Web.csproj", "{D59A63CD-438C-4A5B-8AFA-7F45292A6BF3}"
EndProject
Global
	GlobalSection(SolutionConfigurationPlatforms) = preSolution
		Debug|Any CPU = Debug|Any CPU
		Release|Any CPU = Release|Any CPU
	EndGlobalSection
	GlobalSection(ProjectConfigurationPlatforms) = postSolution
		{D59A63CD-438C-4A5B-8AFA-7F45292A6BF3}.Debug|Any CPU.ActiveCfg = Debug|Any CPU
		{D59A63CD-438C-4A5B-8AFA-7F45292A6BF3}.Debug|Any CPU.Build.0 = Debug|Any CPU
		{D59A63CD-438C-4A5B-8AFA-7F45292A6BF3}.Release|Any CPU.ActiveCfg = Release|Any CPU
		{D59A63CD-438C-4A5B-8AFA-7F45292A6BF3}.Release|Any CPU.Build.0 = Release|Any CPU
	EndGlobalSection
	GlobalSection(SolutionProperties) = preSolution
		HideSolutionNode = FALSE
	EndGlobalSection
	GlobalSection(ExtensibilityGlobals) = postSolution
		SolutionGuid = {09E5D7EA-4541-4C40-ADD3-1E8E8508FE98}
	EndGlobalSection
EndGlobal
